
Microsoft Visual Studio Solution File, Format Version 12.00
# Visual Studio 2012
Project("{FAE04EC0-301F-11D3-BF4B-00C04F79EFBC}") = "Al.Expense", "Al.Expense\Al.Expense.csproj", "{86C6672B-E7E0-4206-8BCF-5C391F7F0836}"
EndProject
Project("{FAE04EC0-301F-11D3-BF4B-00C04F79EFBC}") = "Al.Config", "Al.Config\Al.Config.csproj", "{F2ECA9FB-4279-40D9-A3D5-9479B5309ADC}"
EndProject
Project("{FAE04EC0-301F-11D3-BF4B-00C04F79EFBC}") = "Al.Database", "Al.Database\Al.Database.csproj", "{707E4B8B-DD1D-43C0-8F8D-9C501AD5AF83}"
EndProject
Global
	GlobalSection(SolutionConfigurationPlatforms) = preSolution
		Debug|Any CPU = Debug|Any CPU
		Release|Any CPU = Release|Any CPU
	EndGlobalSection
	GlobalSection(ProjectConfigurationPlatforms) = postSolution
		{86C6672B-E7E0-4206-8BCF-5C391F7F0836}.Debug|Any CPU.ActiveCfg = Debug|Any CPU
		{86C6672B-E7E0-4206-8BCF-5C391F7F0836}.Debug|Any CPU.Build.0 = Debug|Any CPU
		{86C6672B-E7E0-4206-8BCF-5C391F7F0836}.Release|Any CPU.ActiveCfg = Release|Any CPU
		{86C6672B-E7E0-4206-8BCF-5C391F7F0836}.Release|Any CPU.Build.0 = Release|Any CPU
		{F2ECA9FB-4279-40D9-A3D5-9479B5309ADC}.Debug|Any CPU.ActiveCfg = Debug|Any CPU
		{F2ECA9FB-4279-40D9-A3D5-9479B5309ADC}.Debug|Any CPU.Build.0 = Debug|Any CPU
		{F2ECA9FB-4279-40D9-A3D5-9479B5309ADC}.Release|Any CPU.ActiveCfg = Release|Any CPU
		{F2ECA9FB-4279-40D9-A3D5-9479B5309ADC}.Release|Any CPU.Build.0 = Release|Any CPU
		{707E4B8B-DD1D-43C0-8F8D-9C501AD5AF83}.Debug|Any CPU.ActiveCfg = Debug|Any CPU
		{707E4B8B-DD1D-43C0-8F8D-9C501AD5AF83}.Debug|Any CPU.Build.0 = Debug|Any CPU
		{707E4B8B-DD1D-43C0-8F8D-9C501AD5AF83}.Release|Any CPU.ActiveCfg = Release|Any CPU
		{707E4B8B-DD1D-43C0-8F8D-9C501AD5AF83}.Release|Any CPU.Build.0 = Release|Any CPU
	EndGlobalSection
	GlobalSection(SolutionProperties) = preSolution
		HideSolutionNode = FALSE
	EndGlobalSection
EndGlobal
